lockfileVersion: '9.0'

settings:
  autoInstallPeers: true
  excludeLinksFromLockfile: false

importers:

  .:
    dependencies:
      is-even-is-odd:
        specifier: ^1.0.1
        version: 1.0.1

packages:

  is-even-is-odd@1.0.1:
    resolution: {integrity: sha512-sfyUZOMFndBf3VIj0X46T5n5lKtR4eqCwtc1SgAtLMLk5dBqKx24j2AUuI3Ve6FosMpNVSxhpf56jTtPBs2PZw==}

snapshots:

  is-even-is-odd@1.0.1: {}
